
Microsoft Visual Studio Solution File, Format Version 12.00
# Visual Studio 14
VisualStudioVersion = 14.0.23107.0
MinimumVisualStudioVersion = 10.0.40219.1
Project("{FAE04EC0-301F-11D3-BF4B-00C04F79EFBC}") = "Sample.WebUI.WebForms", "Sample.WebUI.WebForms\Sample.WebUI.WebForms.csproj", "{B3C22B2A-06D3-454F-BF86-0CCE7C744AE4}"
EndProject
Project("{FAE04EC0-301F-11D3-BF4B-00C04F79EFBC}") = "Caravan.WebForms", "Caravan.WebForms\Caravan.WebForms.csproj", "{407B5921-9039-4D0D-A40A-36A19C251CDC}"
EndProject
Project("{2150E333-8FDC-42A3-9474-1A3956D46DE8}") = "Documentation", "Documentation", "{BF4277FD-24C4-45AC-B871-98E1FEEDC623}"
	ProjectSection(SolutionItems) = preProject
		README.md = README.md
	EndProjectSection
EndProject
Project("{2150E333-8FDC-42A3-9474-1A3956D46DE8}") = "Coding Standards", "Coding Standards", "{C79157DB-09C9-401F-B4BD-4D6A193790D0}"
	ProjectSection(SolutionItems) = preProject
		Documentation\Coding Standards\CSharp.pdf = Documentation\Coding Standards\CSharp.pdf
	EndProjectSection
EndProject
Project("{FAE04EC0-301F-11D3-BF4B-00C04F79EFBC}") = "Sample.DataAccess.Dapper", "Sample.DataAccess.Dapper\Sample.DataAccess.Dapper.csproj", "{9F1BAA6D-7E1E-43CC-94CE-0B0AF04C753F}"
EndProject
Project("{FAE04EC0-301F-11D3-BF4B-00C04F79EFBC}") = "Caravan.Common.NET45", "Caravan.Common\Caravan.Common.NET45.csproj", "{11904ED0-33D2-4005-8766-B1E393A32EA7}"
EndProject
Project("{FAE04EC0-301F-11D3-BF4B-00C04F79EFBC}") = "Unit Tests (Common)", "UnitTests.Common\Unit Tests (Common).csproj", "{4F1024FA-992F-442C-B32F-E4BE589D5EF4}"
EndProject
Project("{2150E333-8FDC-42A3-9474-1A3956D46DE8}") = "Tools", "Tools", "{816548D1-F582-4AC1-B4F3-E3997F2B4C14}"
EndProject
Project("{2150E333-8FDC-42A3-9474-1A3956D46DE8}") = "Bootstrap", "Bootstrap", "{BA4644BC-0508-43EE-BF18-CA5725108E59}"
	ProjectSection(SolutionItems) = preProject
		Documentation\Tools\Bootstrap\Bootstrap, jQuery UI and sortable.oxps = Documentation\Tools\Bootstrap\Bootstrap, jQuery UI and sortable.oxps
		Documentation\Tools\Bootstrap\DataTables and Bootstrap 3.png = Documentation\Tools\Bootstrap\DataTables and Bootstrap 3.png
		Documentation\Tools\Bootstrap\IE8 issues with Bootstrap.oxps = Documentation\Tools\Bootstrap\IE8 issues with Bootstrap.oxps
	EndProjectSection
EndProject
Project("{2150E333-8FDC-42A3-9474-1A3956D46DE8}") = "jQuery UI", "jQuery UI", "{404C846A-E6C5-41ED-84E7-476EA90CF12C}"
	ProjectSection(SolutionItems) = preProject
		Documentation\Tools\jQuery UI\CSS for Autocomplete.xps = Documentation\Tools\jQuery UI\CSS for Autocomplete.xps
	EndProjectSection
EndProject
Project("{2150E333-8FDC-42A3-9474-1A3956D46DE8}") = "Issues and Solutions", "Issues and Solutions", "{2BAED882-BB9A-41E8-9DC6-07823A9BC60F}"
EndProject
Project("{2150E333-8FDC-42A3-9474-1A3956D46DE8}") = "ASP.NET", "ASP.NET", "{D2B116DB-FC08-49C0-B409-375C74CA3BA4}"
	ProjectSection(SolutionItems) = preProject
		Documentation\Issues and Solutions\ASP.NET\ASP.NET 3.5 and Validators in IE9.pdf = Documentation\Issues and Solutions\ASP.NET\ASP.NET 3.5 and Validators in IE9.pdf
		Documentation\Issues and Solutions\ASP.NET\Closing JavaScript Modals on IE9.pdf = Documentation\Issues and Solutions\ASP.NET\Closing JavaScript Modals on IE9.pdf
	EndProjectSection
EndProject
Project("{2150E333-8FDC-42A3-9474-1A3956D46DE8}") = ".nuget", ".nuget", "{3495129D-5A6D-47A5-9121-317E6EE3CBB4}"
	ProjectSection(SolutionItems) = preProject
		.nuget\NuGet.Config = .nuget\NuGet.Config
		.nuget\NuGet.exe = .nuget\NuGet.exe
		.nuget\NuGet.targets = .nuget\NuGet.targets
	EndProjectSection
EndProject
Project("{FAE04EC0-301F-11D3-BF4B-00C04F79EFBC}") = "Caravan.DataAccess.NET45", "Caravan.DataAccess\Caravan.DataAccess.NET45.csproj", "{418B2D91-D53E-49BF-98FC-66DA9490DC37}"
EndProject
Project("{FAE04EC0-301F-11D3-BF4B-00C04F79EFBC}") = "Caravan.WebApi.NET45", "Caravan.WebApi\Caravan.WebApi.NET45.csproj", "{27D82597-28B1-4441-8C42-0A220C38C4D8}"
EndProject
Project("{2150E333-8FDC-42A3-9474-1A3956D46DE8}") = "External Libraries", "External Libraries", "{EEB0F070-8283-4D00-8129-64D81E908DCE}"
	ProjectSection(SolutionItems) = preProject
		External Libraries\Microsoft.ReportViewer.Common.dll = External Libraries\Microsoft.ReportViewer.Common.dll
		External Libraries\Microsoft.ReportViewer.ProcessingObjectModel.DLL = External Libraries\Microsoft.ReportViewer.ProcessingObjectModel.DLL
		External Libraries\Microsoft.ReportViewer.WebForms.DLL = External Libraries\Microsoft.ReportViewer.WebForms.DLL
	EndProjectSection
EndProject
Project("{2150E333-8FDC-42A3-9474-1A3956D46DE8}") = "Architecture", "Architecture", "{E396B46C-8975-4804-8C42-A44285FE8759}"
EndProject
Project("{2150E333-8FDC-42A3-9474-1A3956D46DE8}") = "Security", "Security", "{1CEF0D42-66BA-44E0-865E-50DC4905FB39}"
EndProject
Project("{FAE04EC0-301F-11D3-BF4B-00C04F79EFBC}") = "Unit Tests (DataAccess)", "UnitTests.DataAccess\Unit Tests (DataAccess).csproj", "{B41960F5-4A94-4AFA-8AF6-9B368787D846}"
EndProject
Project("{FAE04EC0-301F-11D3-BF4B-00C04F79EFBC}") = "Caravan.WebService", "Caravan.WebService\Caravan.WebService.csproj", "{A5199477-2670-4E28-A49A-E19E089CF85D}"
EndProject
Project("{FAE04EC0-301F-11D3-BF4B-00C04F79EFBC}") = "Caravan.Common.Runtime.NuGet", "NuGet Packager (Common.Runtime)\Caravan.Common.Runtime.NuGet.csproj", "{0451BAEF-DF2E-4B98-8644-94EE9415E389}"
	ProjectSection(ProjectDependencies) = postProject
		{BBCDDB1C-8127-4623-B40B-5109DE5A63EF} = {BBCDDB1C-8127-4623-B40B-5109DE5A63EF}
	EndProjectSection
EndProject
Project("{FAE04EC0-301F-11D3-BF4B-00C04F79EFBC}") = "Caravan.Common.NuGet", "NuGet Packager (Common)\Caravan.Common.NuGet.csproj", "{BBCDDB1C-8127-4623-B40B-5109DE5A63EF}"
	ProjectSection(ProjectDependencies) = postProject
		{11904ED0-33D2-4005-8766-B1E393A32EA7} = {11904ED0-33D2-4005-8766-B1E393A32EA7}
	EndProjectSection
EndProject
Project("{FAE04EC0-301F-11D3-BF4B-00C04F79EFBC}") = "Caravan.DataAccess.NuGet", "NuGet Packager (DataAccess)\Caravan.DataAccess.NuGet.csproj", "{BD471427-A76A-4764-94C1-08C8C3BC1379}"
	ProjectSection(ProjectDependencies) = postProject
		{418B2D91-D53E-49BF-98FC-66DA9490DC37} = {418B2D91-D53E-49BF-98FC-66DA9490DC37}
	EndProjectSection
EndProject
Project("{FAE04EC0-301F-11D3-BF4B-00C04F79EFBC}") = "Caravan.DataAccess.Oracle.NuGet", "NuGet Packager (DataAccess.Oracle)\Caravan.DataAccess.Oracle.NuGet.csproj", "{ED816343-F97D-402B-8828-EF8E94BC2DF9}"
	ProjectSection(ProjectDependencies) = postProject
		{BD471427-A76A-4764-94C1-08C8C3BC1379} = {BD471427-A76A-4764-94C1-08C8C3BC1379}
	EndProjectSection
EndProject
Project("{FAE04EC0-301F-11D3-BF4B-00C04F79EFBC}") = "Caravan.DataAccess.MySql.NuGet", "NuGet Packager (DataAccess.MySql)\Caravan.DataAccess.MySql.NuGet.csproj", "{9490808C-9492-407D-B907-34B57585CDFF}"
	ProjectSection(ProjectDependencies) = postProject
		{BD471427-A76A-4764-94C1-08C8C3BC1379} = {BD471427-A76A-4764-94C1-08C8C3BC1379}
	EndProjectSection
EndProject
Project("{FAE04EC0-301F-11D3-BF4B-00C04F79EFBC}") = "Caravan.DataAccess.PostgreSql.NuGet", "NuGet Packager (DataAccess.PostgreSql)\Caravan.DataAccess.PostgreSql.NuGet.csproj", "{8E6F11D8-6A0C-4138-9EBC-2070FCD2911C}"
	ProjectSection(ProjectDependencies) = postProject
		{BD471427-A76A-4764-94C1-08C8C3BC1379} = {BD471427-A76A-4764-94C1-08C8C3BC1379}
	EndProjectSection
EndProject
Project("{FAE04EC0-301F-11D3-BF4B-00C04F79EFBC}") = "Caravan.DataAccess.Rest.NuGet", "NuGet Packager (DataAccess.Rest)\Caravan.DataAccess.Rest.NuGet.csproj", "{2B8EE989-1204-4F5A-95D1-29BC64C14AE7}"
	ProjectSection(ProjectDependencies) = postProject
		{90139BED-46DA-455A-8C62-D59EFA4BFCCF} = {90139BED-46DA-455A-8C62-D59EFA4BFCCF}
	EndProjectSection
EndProject
Project("{FAE04EC0-301F-11D3-BF4B-00C04F79EFBC}") = "Caravan.WebApi.NuGet", "NuGet Packager (WebApi)\Caravan.WebApi.NuGet.csproj", "{EE783385-E6CC-4F01-BCCC-DAB9C6DBDE55}"
	ProjectSection(ProjectDependencies) = postProject
		{27D82597-28B1-4441-8C42-0A220C38C4D8} = {27D82597-28B1-4441-8C42-0A220C38C4D8}
	EndProjectSection
EndProject
Project("{FAE04EC0-301F-11D3-BF4B-00C04F79EFBC}") = "Caravan.WebForms.NuGet", "NuGet Packager (WebForms)\Caravan.WebForms.NuGet.csproj", "{EFCDFAD1-AD81-4663-83E3-D6C4A4F1CC0E}"
	ProjectSection(ProjectDependencies) = postProject
		{407B5921-9039-4D0D-A40A-36A19C251CDC} = {407B5921-9039-4D0D-A40A-36A19C251CDC}
	EndProjectSection
EndProject
Project("{2150E333-8FDC-42A3-9474-1A3956D46DE8}") = "NuGet Packagers", "NuGet Packagers", "{45D0B279-E785-43E6-86DF-0CCB02B91F6F}"
EndProject
Project("{FAE04EC0-301F-11D3-BF4B-00C04F79EFBC}") = "Caravan.DataAccess.Runtime.NuGet", "NuGet Packager (DataAccess.Runtime)\Caravan.DataAccess.Runtime.NuGet.csproj", "{90139BED-46DA-455A-8C62-D59EFA4BFCCF}"
	ProjectSection(ProjectDependencies) = postProject
		{BD471427-A76A-4764-94C1-08C8C3BC1379} = {BD471427-A76A-4764-94C1-08C8C3BC1379}
	EndProjectSection
EndProject
Project("{FAE04EC0-301F-11D3-BF4B-00C04F79EFBC}") = "Caravan.ReportingService", "Caravan.ReportingService\Caravan.ReportingService.csproj", "{2154E6F0-6E36-4055-ADAB-034AA9A45906}"
EndProject
Project("{FAE04EC0-301F-11D3-BF4B-00C04F79EFBC}") = "Caravan.ReportingService.NuGet", "Caravan.ReportingService.NuGetPackager\Caravan.ReportingService.NuGet.csproj", "{A998BAE5-711B-4AA6-B969-4994B0096E2A}"
	ProjectSection(ProjectDependencies) = postProject
		{2154E6F0-6E36-4055-ADAB-034AA9A45906} = {2154E6F0-6E36-4055-ADAB-034AA9A45906}
	EndProjectSection
EndProject
Project("{2150E333-8FDC-42A3-9474-1A3956D46DE8}") = "Unit Tests", "Unit Tests", "{DB5EDFEB-02C9-48BC-8984-3E3C86CC58CF}"
EndProject
Project("{2150E333-8FDC-42A3-9474-1A3956D46DE8}") = "Samples", "Samples", "{969B30CD-CABB-491A-BE03-BD794E1D308F}"
EndProject
Project("{2150E333-8FDC-42A3-9474-1A3956D46DE8}") = "Platform Specific", "Platform Specific", "{BB09DBC9-9EBA-40DA-99AD-E04207609135}"
EndProject
Project("{D954291E-2A0B-460D-934E-DC6B0785DB48}") = "Caravan.Common.UnitTests", "Caravan.Common.UnitTests\Caravan.Common.UnitTests.shproj", "{AAE514BE-2B2A-4534-B728-6503815D3AC7}"
EndProject
Project("{FAE04EC0-301F-11D3-BF4B-00C04F79EFBC}") = "Caravan.DataAccess.SqlServer.NuGet", "NuGet Packagers\Caravan.DataAccess.SqlServer.NuGet\Caravan.DataAccess.SqlServer.NuGet.csproj", "{C4F15F53-0FF6-4512-8C6D-BBFE2148B228}"
	ProjectSection(ProjectDependencies) = postProject
		{90139BED-46DA-455A-8C62-D59EFA4BFCCF} = {90139BED-46DA-455A-8C62-D59EFA4BFCCF}
	EndProjectSection
EndProject
Project("{FAE04EC0-301F-11D3-BF4B-00C04F79EFBC}") = "Caravan.WebApi.Runtime.NuGet", "NuGet Packagers\Caravan.WebApi.Runtime.NuGet\Caravan.WebApi.Runtime.NuGet.csproj", "{27ECD842-1D24-455F-A239-5BC127CAC559}"
	ProjectSection(ProjectDependencies) = postProject
		{EE783385-E6CC-4F01-BCCC-DAB9C6DBDE55} = {EE783385-E6CC-4F01-BCCC-DAB9C6DBDE55}
	EndProjectSection
EndProject
Project("{FAE04EC0-301F-11D3-BF4B-00C04F79EFBC}") = "Caravan.DataAccess.Effort.NuGet", "NuGet Packagers\Caravan.DataAccess.Effort.NuGet\Caravan.DataAccess.Effort.NuGet.csproj", "{D6409413-0B11-4CB1-ACBE-6B52ECA39F04}"
	ProjectSection(ProjectDependencies) = postProject
		{BD471427-A76A-4764-94C1-08C8C3BC1379} = {BD471427-A76A-4764-94C1-08C8C3BC1379}
	EndProjectSection
EndProject
Global
	GlobalSection(SharedMSBuildProjectFiles) = preSolution
		Caravan.Common.UnitTests\Caravan.Common.UnitTests.projitems*{aae514be-2b2a-4534-b728-6503815d3ac7}*SharedItemsImports = 13
	EndGlobalSection
	GlobalSection(SolutionConfigurationPlatforms) = preSolution
		Debug|Any CPU = Debug|Any CPU
		Publish|Any CPU = Publish|Any CPU
		Release|Any CPU = Release|Any CPU
	EndGlobalSection
	GlobalSection(ProjectConfigurationPlatforms) = postSolution
		{B3C22B2A-06D3-454F-BF86-0CCE7C744AE4}.Debug|Any CPU.ActiveCfg = Debug|Any CPU
		{B3C22B2A-06D3-454F-BF86-0CCE7C744AE4}.Debug|Any CPU.Build.0 = Debug|Any CPU
		{B3C22B2A-06D3-454F-BF86-0CCE7C744AE4}.Publish|Any CPU.ActiveCfg = Release|Any CPU
		{B3C22B2A-06D3-454F-BF86-0CCE7C744AE4}.Release|Any CPU.ActiveCfg = Release|Any CPU
		{B3C22B2A-06D3-454F-BF86-0CCE7C744AE4}.Release|Any CPU.Build.0 = Release|Any CPU
		{407B5921-9039-4D0D-A40A-36A19C251CDC}.Debug|Any CPU.ActiveCfg = Debug|Any CPU
		{407B5921-9039-4D0D-A40A-36A19C251CDC}.Debug|Any CPU.Build.0 = Debug|Any CPU
		{407B5921-9039-4D0D-A40A-36A19C251CDC}.Publish|Any CPU.ActiveCfg = Release|Any CPU
		{407B5921-9039-4D0D-A40A-36A19C251CDC}.Publish|Any CPU.Build.0 = Release|Any CPU
		{407B5921-9039-4D0D-A40A-36A19C251CDC}.Release|Any CPU.ActiveCfg = Release|Any CPU
		{407B5921-9039-4D0D-A40A-36A19C251CDC}.Release|Any CPU.Build.0 = Release|Any CPU
		{9F1BAA6D-7E1E-43CC-94CE-0B0AF04C753F}.Debug|Any CPU.ActiveCfg = Debug|Any CPU
		{9F1BAA6D-7E1E-43CC-94CE-0B0AF04C753F}.Debug|Any CPU.Build.0 = Debug|Any CPU
		{9F1BAA6D-7E1E-43CC-94CE-0B0AF04C753F}.Publish|Any CPU.ActiveCfg = Release|Any CPU
		{9F1BAA6D-7E1E-43CC-94CE-0B0AF04C753F}.Release|Any CPU.ActiveCfg = Release|Any CPU
		{9F1BAA6D-7E1E-43CC-94CE-0B0AF04C753F}.Release|Any CPU.Build.0 = Release|Any CPU
		{11904ED0-33D2-4005-8766-B1E393A32EA7}.Debug|Any CPU.ActiveCfg = Debug|Any CPU
		{11904ED0-33D2-4005-8766-B1E393A32EA7}.Debug|Any CPU.Build.0 = Debug|Any CPU
		{11904ED0-33D2-4005-8766-B1E393A32EA7}.Publish|Any CPU.ActiveCfg = Release|Any CPU
		{11904ED0-33D2-4005-8766-B1E393A32EA7}.Publish|Any CPU.Build.0 = Release|Any CPU
		{11904ED0-33D2-4005-8766-B1E393A32EA7}.Release|Any CPU.ActiveCfg = Release|Any CPU
		{11904ED0-33D2-4005-8766-B1E393A32EA7}.Release|Any CPU.Build.0 = Release|Any CPU
		{4F1024FA-992F-442C-B32F-E4BE589D5EF4}.Debug|Any CPU.ActiveCfg = Debug|Any CPU
		{4F1024FA-992F-442C-B32F-E4BE589D5EF4}.Debug|Any CPU.Build.0 = Debug|Any CPU
		{4F1024FA-992F-442C-B32F-E4BE589D5EF4}.Publish|Any CPU.ActiveCfg = Release|Any CPU
		{4F1024FA-992F-442C-B32F-E4BE589D5EF4}.Release|Any CPU.ActiveCfg = Release|Any CPU
		{4F1024FA-992F-442C-B32F-E4BE589D5EF4}.Release|Any CPU.Build.0 = Release|Any CPU
		{418B2D91-D53E-49BF-98FC-66DA9490DC37}.Debug|Any CPU.ActiveCfg = Debug|Any CPU
		{418B2D91-D53E-49BF-98FC-66DA9490DC37}.Debug|Any CPU.Build.0 = Debug|Any CPU
		{418B2D91-D53E-49BF-98FC-66DA9490DC37}.Publish|Any CPU.ActiveCfg = Release|Any CPU
		{418B2D91-D53E-49BF-98FC-66DA9490DC37}.Publish|Any CPU.Build.0 = Release|Any CPU
		{418B2D91-D53E-49BF-98FC-66DA9490DC37}.Release|Any CPU.ActiveCfg = Release|Any CPU
		{418B2D91-D53E-49BF-98FC-66DA9490DC37}.Release|Any CPU.Build.0 = Release|Any CPU
		{27D82597-28B1-4441-8C42-0A220C38C4D8}.Debug|Any CPU.ActiveCfg = Debug|Any CPU
		{27D82597-28B1-4441-8C42-0A220C38C4D8}.Debug|Any CPU.Build.0 = Debug|Any CPU
		{27D82597-28B1-4441-8C42-0A220C38C4D8}.Publish|Any CPU.ActiveCfg = Release|Any CPU
		{27D82597-28B1-4441-8C42-0A220C38C4D8}.Publish|Any CPU.Build.0 = Release|Any CPU
		{27D82597-28B1-4441-8C42-0A220C38C4D8}.Release|Any CPU.ActiveCfg = Release|Any CPU
		{27D82597-28B1-4441-8C42-0A220C38C4D8}.Release|Any CPU.Build.0 = Release|Any CPU
		{B41960F5-4A94-4AFA-8AF6-9B368787D846}.Debug|Any CPU.ActiveCfg = Debug|Any CPU
		{B41960F5-4A94-4AFA-8AF6-9B368787D846}.Debug|Any CPU.Build.0 = Debug|Any CPU
		{B41960F5-4A94-4AFA-8AF6-9B368787D846}.Publish|Any CPU.ActiveCfg = Release|Any CPU
		{B41960F5-4A94-4AFA-8AF6-9B368787D846}.Release|Any CPU.ActiveCfg = Release|Any CPU
		{B41960F5-4A94-4AFA-8AF6-9B368787D846}.Release|Any CPU.Build.0 = Release|Any CPU
		{A5199477-2670-4E28-A49A-E19E089CF85D}.Debug|Any CPU.ActiveCfg = Debug|Any CPU
		{A5199477-2670-4E28-A49A-E19E089CF85D}.Debug|Any CPU.Build.0 = Debug|Any CPU
		{A5199477-2670-4E28-A49A-E19E089CF85D}.Publish|Any CPU.ActiveCfg = Release|Any CPU
		{A5199477-2670-4E28-A49A-E19E089CF85D}.Publish|Any CPU.Build.0 = Release|Any CPU
		{A5199477-2670-4E28-A49A-E19E089CF85D}.Release|Any CPU.ActiveCfg = Release|Any CPU
		{A5199477-2670-4E28-A49A-E19E089CF85D}.Release|Any CPU.Build.0 = Release|Any CPU
		{0451BAEF-DF2E-4B98-8644-94EE9415E389}.Debug|Any CPU.ActiveCfg = Debug|Any CPU
		{0451BAEF-DF2E-4B98-8644-94EE9415E389}.Publish|Any CPU.ActiveCfg = Debug|Any CPU
		{0451BAEF-DF2E-4B98-8644-94EE9415E389}.Publish|Any CPU.Build.0 = Debug|Any CPU
		{0451BAEF-DF2E-4B98-8644-94EE9415E389}.Release|Any CPU.ActiveCfg = Debug|Any CPU
		{BBCDDB1C-8127-4623-B40B-5109DE5A63EF}.Debug|Any CPU.ActiveCfg = Debug|Any CPU
		{BBCDDB1C-8127-4623-B40B-5109DE5A63EF}.Publish|Any CPU.ActiveCfg = Debug|Any CPU
		{BBCDDB1C-8127-4623-B40B-5109DE5A63EF}.Publish|Any CPU.Build.0 = Debug|Any CPU
		{BBCDDB1C-8127-4623-B40B-5109DE5A63EF}.Release|Any CPU.ActiveCfg = Debug|Any CPU
		{BD471427-A76A-4764-94C1-08C8C3BC1379}.Debug|Any CPU.ActiveCfg = Debug|Any CPU
		{BD471427-A76A-4764-94C1-08C8C3BC1379}.Publish|Any CPU.ActiveCfg = Debug|Any CPU
		{BD471427-A76A-4764-94C1-08C8C3BC1379}.Publish|Any CPU.Build.0 = Debug|Any CPU
		{BD471427-A76A-4764-94C1-08C8C3BC1379}.Release|Any CPU.ActiveCfg = Debug|Any CPU
		{ED816343-F97D-402B-8828-EF8E94BC2DF9}.Debug|Any CPU.ActiveCfg = Debug|Any CPU
		{ED816343-F97D-402B-8828-EF8E94BC2DF9}.Publish|Any CPU.ActiveCfg = Debug|Any CPU
		{ED816343-F97D-402B-8828-EF8E94BC2DF9}.Publish|Any CPU.Build.0 = Debug|Any CPU
		{ED816343-F97D-402B-8828-EF8E94BC2DF9}.Release|Any CPU.ActiveCfg = Debug|Any CPU
		{9490808C-9492-407D-B907-34B57585CDFF}.Debug|Any CPU.ActiveCfg = Debug|Any CPU
		{9490808C-9492-407D-B907-34B57585CDFF}.Publish|Any CPU.ActiveCfg = Debug|Any CPU
		{9490808C-9492-407D-B907-34B57585CDFF}.Publish|Any CPU.Build.0 = Debug|Any CPU
		{9490808C-9492-407D-B907-34B57585CDFF}.Release|Any CPU.ActiveCfg = Debug|Any CPU
		{8E6F11D8-6A0C-4138-9EBC-2070FCD2911C}.Debug|Any CPU.ActiveCfg = Debug|Any CPU
		{8E6F11D8-6A0C-4138-9EBC-2070FCD2911C}.Publish|Any CPU.ActiveCfg = Debug|Any CPU
		{8E6F11D8-6A0C-4138-9EBC-2070FCD2911C}.Publish|Any CPU.Build.0 = Debug|Any CPU
		{8E6F11D8-6A0C-4138-9EBC-2070FCD2911C}.Release|Any CPU.ActiveCfg = Debug|Any CPU
		{2B8EE989-1204-4F5A-95D1-29BC64C14AE7}.Debug|Any CPU.ActiveCfg = Debug|Any CPU
		{2B8EE989-1204-4F5A-95D1-29BC64C14AE7}.Publish|Any CPU.ActiveCfg = Debug|Any CPU
		{2B8EE989-1204-4F5A-95D1-29BC64C14AE7}.Publish|Any CPU.Build.0 = Debug|Any CPU
		{2B8EE989-1204-4F5A-95D1-29BC64C14AE7}.Release|Any CPU.ActiveCfg = Debug|Any CPU
		{EE783385-E6CC-4F01-BCCC-DAB9C6DBDE55}.Debug|Any CPU.ActiveCfg = Debug|Any CPU
		{EE783385-E6CC-4F01-BCCC-DAB9C6DBDE55}.Publish|Any CPU.ActiveCfg = Debug|Any CPU
		{EE783385-E6CC-4F01-BCCC-DAB9C6DBDE55}.Publish|Any CPU.Build.0 = Debug|Any CPU
		{EE783385-E6CC-4F01-BCCC-DAB9C6DBDE55}.Release|Any CPU.ActiveCfg = Debug|Any CPU
		{EFCDFAD1-AD81-4663-83E3-D6C4A4F1CC0E}.Debug|Any CPU.ActiveCfg = Debug|Any CPU
		{EFCDFAD1-AD81-4663-83E3-D6C4A4F1CC0E}.Publish|Any CPU.ActiveCfg = Debug|Any CPU
		{EFCDFAD1-AD81-4663-83E3-D6C4A4F1CC0E}.Release|Any CPU.ActiveCfg = Debug|Any CPU
		{90139BED-46DA-455A-8C62-D59EFA4BFCCF}.Debug|Any CPU.ActiveCfg = Debug|Any CPU
		{90139BED-46DA-455A-8C62-D59EFA4BFCCF}.Publish|Any CPU.ActiveCfg = Debug|Any CPU
		{90139BED-46DA-455A-8C62-D59EFA4BFCCF}.Publish|Any CPU.Build.0 = Debug|Any CPU
		{90139BED-46DA-455A-8C62-D59EFA4BFCCF}.Release|Any CPU.ActiveCfg = Debug|Any CPU
		{2154E6F0-6E36-4055-ADAB-034AA9A45906}.Debug|Any CPU.ActiveCfg = Debug|Any CPU
		{2154E6F0-6E36-4055-ADAB-034AA9A45906}.Debug|Any CPU.Build.0 = Debug|Any CPU
		{2154E6F0-6E36-4055-ADAB-034AA9A45906}.Publish|Any CPU.ActiveCfg = Release|Any CPU
		{2154E6F0-6E36-4055-ADAB-034AA9A45906}.Publish|Any CPU.Build.0 = Release|Any CPU
		{2154E6F0-6E36-4055-ADAB-034AA9A45906}.Release|Any CPU.ActiveCfg = Release|Any CPU
		{2154E6F0-6E36-4055-ADAB-034AA9A45906}.Release|Any CPU.Build.0 = Release|Any CPU
		{A998BAE5-711B-4AA6-B969-4994B0096E2A}.Debug|Any CPU.ActiveCfg = Debug|Any CPU
		{A998BAE5-711B-4AA6-B969-4994B0096E2A}.Publish|Any CPU.ActiveCfg = Debug|Any CPU
		{A998BAE5-711B-4AA6-B969-4994B0096E2A}.Publish|Any CPU.Build.0 = Debug|Any CPU
		{A998BAE5-711B-4AA6-B969-4994B0096E2A}.Release|Any CPU.ActiveCfg = Debug|Any CPU
		{C4F15F53-0FF6-4512-8C6D-BBFE2148B228}.Debug|Any CPU.ActiveCfg = Debug|Any CPU
		{C4F15F53-0FF6-4512-8C6D-BBFE2148B228}.Publish|Any CPU.ActiveCfg = Debug|Any CPU
		{C4F15F53-0FF6-4512-8C6D-BBFE2148B228}.Publish|Any CPU.Build.0 = Debug|Any CPU
		{C4F15F53-0FF6-4512-8C6D-BBFE2148B228}.Release|Any CPU.ActiveCfg = Debug|Any CPU
		{27ECD842-1D24-455F-A239-5BC127CAC559}.Debug|Any CPU.ActiveCfg = Debug|Any CPU
		{27ECD842-1D24-455F-A239-5BC127CAC559}.Publish|Any CPU.ActiveCfg = Debug|Any CPU
		{27ECD842-1D24-455F-A239-5BC127CAC559}.Publish|Any CPU.Build.0 = Debug|Any CPU
		{27ECD842-1D24-455F-A239-5BC127CAC559}.Release|Any CPU.ActiveCfg = Debug|Any CPU
		{D6409413-0B11-4CB1-ACBE-6B52ECA39F04}.Debug|Any CPU.ActiveCfg = Debug|Any CPU
		{D6409413-0B11-4CB1-ACBE-6B52ECA39F04}.Publish|Any CPU.ActiveCfg = Debug|Any CPU
		{D6409413-0B11-4CB1-ACBE-6B52ECA39F04}.Publish|Any CPU.Build.0 = Debug|Any CPU
		{D6409413-0B11-4CB1-ACBE-6B52ECA39F04}.Release|Any CPU.ActiveCfg = Debug|Any CPU
	EndGlobalSection
	GlobalSection(SolutionProperties) = preSolution
		HideSolutionNode = FALSE
	EndGlobalSection
	GlobalSection(NestedProjects) = preSolution
		{B3C22B2A-06D3-454F-BF86-0CCE7C744AE4} = {969B30CD-CABB-491A-BE03-BD794E1D308F}
		{C79157DB-09C9-401F-B4BD-4D6A193790D0} = {BF4277FD-24C4-45AC-B871-98E1FEEDC623}
		{9F1BAA6D-7E1E-43CC-94CE-0B0AF04C753F} = {969B30CD-CABB-491A-BE03-BD794E1D308F}
		{4F1024FA-992F-442C-B32F-E4BE589D5EF4} = {DB5EDFEB-02C9-48BC-8984-3E3C86CC58CF}
		{816548D1-F582-4AC1-B4F3-E3997F2B4C14} = {BF4277FD-24C4-45AC-B871-98E1FEEDC623}
		{BA4644BC-0508-43EE-BF18-CA5725108E59} = {816548D1-F582-4AC1-B4F3-E3997F2B4C14}
		{404C846A-E6C5-41ED-84E7-476EA90CF12C} = {816548D1-F582-4AC1-B4F3-E3997F2B4C14}
		{2BAED882-BB9A-41E8-9DC6-07823A9BC60F} = {BF4277FD-24C4-45AC-B871-98E1FEEDC623}
		{D2B116DB-FC08-49C0-B409-375C74CA3BA4} = {2BAED882-BB9A-41E8-9DC6-07823A9BC60F}
		{E396B46C-8975-4804-8C42-A44285FE8759} = {BF4277FD-24C4-45AC-B871-98E1FEEDC623}
		{1CEF0D42-66BA-44E0-865E-50DC4905FB39} = {E396B46C-8975-4804-8C42-A44285FE8759}
		{B41960F5-4A94-4AFA-8AF6-9B368787D846} = {DB5EDFEB-02C9-48BC-8984-3E3C86CC58CF}
		{0451BAEF-DF2E-4B98-8644-94EE9415E389} = {45D0B279-E785-43E6-86DF-0CCB02B91F6F}
		{BBCDDB1C-8127-4623-B40B-5109DE5A63EF} = {45D0B279-E785-43E6-86DF-0CCB02B91F6F}
		{BD471427-A76A-4764-94C1-08C8C3BC1379} = {45D0B279-E785-43E6-86DF-0CCB02B91F6F}
		{ED816343-F97D-402B-8828-EF8E94BC2DF9} = {45D0B279-E785-43E6-86DF-0CCB02B91F6F}
		{9490808C-9492-407D-B907-34B57585CDFF} = {45D0B279-E785-43E6-86DF-0CCB02B91F6F}
		{8E6F11D8-6A0C-4138-9EBC-2070FCD2911C} = {45D0B279-E785-43E6-86DF-0CCB02B91F6F}
		{2B8EE989-1204-4F5A-95D1-29BC64C14AE7} = {45D0B279-E785-43E6-86DF-0CCB02B91F6F}
		{EE783385-E6CC-4F01-BCCC-DAB9C6DBDE55} = {45D0B279-E785-43E6-86DF-0CCB02B91F6F}
		{EFCDFAD1-AD81-4663-83E3-D6C4A4F1CC0E} = {45D0B279-E785-43E6-86DF-0CCB02B91F6F}
		{90139BED-46DA-455A-8C62-D59EFA4BFCCF} = {45D0B279-E785-43E6-86DF-0CCB02B91F6F}
		{A998BAE5-711B-4AA6-B969-4994B0096E2A} = {45D0B279-E785-43E6-86DF-0CCB02B91F6F}
		{C4F15F53-0FF6-4512-8C6D-BBFE2148B228} = {45D0B279-E785-43E6-86DF-0CCB02B91F6F}
		{27ECD842-1D24-455F-A239-5BC127CAC559} = {45D0B279-E785-43E6-86DF-0CCB02B91F6F}
		{D6409413-0B11-4CB1-ACBE-6B52ECA39F04} = {45D0B279-E785-43E6-86DF-0CCB02B91F6F}
	EndGlobalSection
EndGlobal
