
Microsoft Visual Studio Solution File, Format Version 12.00
# Visual Studio 2012
Project("{FAE04EC0-301F-11D3-BF4B-00C04F79EFBC}") = "Sample.WebUI.WebForms", "Sample.WebUI.WebForms\Sample.WebUI.WebForms.csproj", "{B3C22B2A-06D3-454F-BF86-0CCE7C744AE4}"
EndProject
Project("{FAE04EC0-301F-11D3-BF4B-00C04F79EFBC}") = "Caravan.WebForms", "Caravan.WebForms\Caravan.WebForms.csproj", "{407B5921-9039-4D0D-A40A-36A19C251CDC}"
EndProject
Project("{2150E333-8FDC-42A3-9474-1A3956D46DE8}") = "Documentation", "Documentation", "{BF4277FD-24C4-45AC-B871-98E1FEEDC623}"
	ProjectSection(SolutionItems) = preProject
		README.md = README.md
	EndProjectSection
EndProject
Project("{2150E333-8FDC-42A3-9474-1A3956D46DE8}") = "Coding Standards", "Coding Standards", "{C79157DB-09C9-401F-B4BD-4D6A193790D0}"
	ProjectSection(SolutionItems) = preProject
		Documentation\Coding Standards\CSharp.pdf = Documentation\Coding Standards\CSharp.pdf
	EndProjectSection
EndProject
Project("{FAE04EC0-301F-11D3-BF4B-00C04F79EFBC}") = "NuGetPackager.WebForms", "NuGetPackager.WebForms\NuGetPackager.WebForms.csproj", "{0451BAEF-DF2E-4B98-8644-94EE9415E389}"
	ProjectSection(ProjectDependencies) = postProject
		{407B5921-9039-4D0D-A40A-36A19C251CDC} = {407B5921-9039-4D0D-A40A-36A19C251CDC}
	EndProjectSection
EndProject
Project("{FAE04EC0-301F-11D3-BF4B-00C04F79EFBC}") = "Sample.DataAccess.Dapper", "Sample.DataAccess.Dapper\Sample.DataAccess.Dapper.csproj", "{9F1BAA6D-7E1E-43CC-94CE-0B0AF04C753F}"
EndProject
Project("{FAE04EC0-301F-11D3-BF4B-00C04F79EFBC}") = "Caravan.Common", "Caravan.Common\Caravan.Common.csproj", "{11904ED0-33D2-4005-8766-B1E393A32EA7}"
EndProject
Project("{FAE04EC0-301F-11D3-BF4B-00C04F79EFBC}") = "UnitTests.WebForms", "UnitTests.WebForms\UnitTests.WebForms.csproj", "{3A48F406-2440-4E9B-9919-ED46BC3CD234}"
EndProject
Project("{FAE04EC0-301F-11D3-BF4B-00C04F79EFBC}") = "UnitTests.Common", "UnitTests.Common\UnitTests.Common.csproj", "{4F1024FA-992F-442C-B32F-E4BE589D5EF4}"
EndProject
Project("{FAE04EC0-301F-11D3-BF4B-00C04F79EFBC}") = "NuGetPackager.Common", "NuGetPackager.Common\NuGetPackager.Common.csproj", "{BBCDDB1C-8127-4623-B40B-5109DE5A63EF}"
EndProject
Project("{2150E333-8FDC-42A3-9474-1A3956D46DE8}") = "Tools", "Tools", "{816548D1-F582-4AC1-B4F3-E3997F2B4C14}"
EndProject
Project("{2150E333-8FDC-42A3-9474-1A3956D46DE8}") = "Bootstrap", "Bootstrap", "{BA4644BC-0508-43EE-BF18-CA5725108E59}"
	ProjectSection(SolutionItems) = preProject
		Documentation\Tools\Bootstrap\Bootstrap, jQuery UI and sortable.oxps = Documentation\Tools\Bootstrap\Bootstrap, jQuery UI and sortable.oxps
		Documentation\Tools\Bootstrap\DataTables and Bootstrap 3.png = Documentation\Tools\Bootstrap\DataTables and Bootstrap 3.png
		Documentation\Tools\Bootstrap\IE8 issues with Bootstrap.oxps = Documentation\Tools\Bootstrap\IE8 issues with Bootstrap.oxps
	EndProjectSection
EndProject
Project("{2150E333-8FDC-42A3-9474-1A3956D46DE8}") = "jQuery UI", "jQuery UI", "{404C846A-E6C5-41ED-84E7-476EA90CF12C}"
	ProjectSection(SolutionItems) = preProject
		Documentation\Tools\jQuery UI\CSS for Autocomplete.xps = Documentation\Tools\jQuery UI\CSS for Autocomplete.xps
	EndProjectSection
EndProject
Project("{2150E333-8FDC-42A3-9474-1A3956D46DE8}") = "Issues and Solutions", "Issues and Solutions", "{2BAED882-BB9A-41E8-9DC6-07823A9BC60F}"
EndProject
Project("{2150E333-8FDC-42A3-9474-1A3956D46DE8}") = "ASP.NET", "ASP.NET", "{D2B116DB-FC08-49C0-B409-375C74CA3BA4}"
	ProjectSection(SolutionItems) = preProject
		Documentation\Issues and Solutions\ASP.NET\ASP.NET 3.5 and Validators in IE9.pdf = Documentation\Issues and Solutions\ASP.NET\ASP.NET 3.5 and Validators in IE9.pdf
		Documentation\Issues and Solutions\ASP.NET\Closing JavaScript Modals on IE9.pdf = Documentation\Issues and Solutions\ASP.NET\Closing JavaScript Modals on IE9.pdf
	EndProjectSection
EndProject
Project("{2150E333-8FDC-42A3-9474-1A3956D46DE8}") = ".nuget", ".nuget", "{3495129D-5A6D-47A5-9121-317E6EE3CBB4}"
	ProjectSection(SolutionItems) = preProject
		.nuget\NuGet.Config = .nuget\NuGet.Config
		.nuget\NuGet.exe = .nuget\NuGet.exe
		.nuget\NuGet.targets = .nuget\NuGet.targets
	EndProjectSection
EndProject
Project("{FAE04EC0-301F-11D3-BF4B-00C04F79EFBC}") = "Caravan.DataAccess", "Caravan.DataAccess\Caravan.DataAccess.csproj", "{418B2D91-D53E-49BF-98FC-66DA9490DC37}"
EndProject
Project("{FAE04EC0-301F-11D3-BF4B-00C04F79EFBC}") = "NuGetPackager.DataAccess", "NuGetPackager.DataAccess\NuGetPackager.DataAccess.csproj", "{BD471427-A76A-4764-94C1-08C8C3BC1379}"
	ProjectSection(ProjectDependencies) = postProject
		{418B2D91-D53E-49BF-98FC-66DA9490DC37} = {418B2D91-D53E-49BF-98FC-66DA9490DC37}
	EndProjectSection
EndProject
Project("{FAE04EC0-301F-11D3-BF4B-00C04F79EFBC}") = "NuGetPackager.WebForms.CodeEditor", "NuGetPackager.WebForms.CodeEditor\NuGetPackager.WebForms.CodeEditor.csproj", "{01F957B7-5B84-4792-A781-87E82257618D}"
EndProject
Project("{FAE04EC0-301F-11D3-BF4B-00C04F79EFBC}") = "Caravan.Mvc", "Caravan.Mvc\Caravan.Mvc.csproj", "{811B51A4-669E-463E-897A-B593824D6D75}"
EndProject
Project("{FAE04EC0-301F-11D3-BF4B-00C04F79EFBC}") = "Sample.WebUI.Mvc", "Sample.WebUI.Mvc\Sample.WebUI.Mvc.csproj", "{A65D507D-03A2-49BE-A056-72AE6964140A}"
EndProject
Project("{FAE04EC0-301F-11D3-BF4B-00C04F79EFBC}") = "Caravan.RestService", "Caravan.RestService\Caravan.RestService.csproj", "{B4F9C525-5C56-440E-B4C2-972A33D7C8CD}"
EndProject
Project("{FAE04EC0-301F-11D3-BF4B-00C04F79EFBC}") = "Sample.RestService", "Sample.RestService\Sample.RestService.csproj", "{1687CDFF-4C23-4DD7-86C1-E277CCFA1D8A}"
EndProject
Project("{FAE04EC0-301F-11D3-BF4B-00C04F79EFBC}") = "Sample.Database", "Sample.Database\Sample.Database.csproj", "{956E7461-AC0F-4E81-B57D-F84689D1BE9D}"
EndProject
Project("{FAE04EC0-301F-11D3-BF4B-00C04F79EFBC}") = "Caravan.WebApi", "Caravan.WebApi\Caravan.WebApi.csproj", "{27D82597-28B1-4441-8C42-0A220C38C4D8}"
EndProject
Project("{FAE04EC0-301F-11D3-BF4B-00C04F79EFBC}") = "Sample.DataModel", "Sample.DataModel\Sample.DataModel.csproj", "{33A9CD5A-87C6-4BB3-B304-4DC6411BEF4F}"
EndProject
Project("{FAE04EC0-301F-11D3-BF4B-00C04F79EFBC}") = "Sample.DataAccess.EntityFramework", "Sample.DataAccess.EntityFramework\Sample.DataAccess.EntityFramework.csproj", "{0A3419EA-CD95-4262-B84A-B963C87ECCDF}"
EndProject
Project("{2150E333-8FDC-42A3-9474-1A3956D46DE8}") = "External Libraries", "External Libraries", "{EEB0F070-8283-4D00-8129-64D81E908DCE}"
	ProjectSection(SolutionItems) = preProject
		External Libraries\Oracle.ManagedDataAccess.dll = External Libraries\Oracle.ManagedDataAccess.dll
		External Libraries\Oracle.ManagedDataAccess.EntityFramework.dll = External Libraries\Oracle.ManagedDataAccess.EntityFramework.dll
	EndProjectSection
EndProject
Project("{FAE04EC0-301F-11D3-BF4B-00C04F79EFBC}") = "Caravan.Helpers", "Caravan.Helpers\Caravan.Helpers.csproj", "{CEFF687B-7817-4326-9310-AB655407B610}"
EndProject
Project("{FAE04EC0-301F-11D3-BF4B-00C04F79EFBC}") = "NuGetPackager.Helpers", "NuGetPackager.Helpers\NuGetPackager.Helpers.csproj", "{860A7A25-C159-487F-BAC5-C46857FC7A40}"
	ProjectSection(ProjectDependencies) = postProject
		{CEFF687B-7817-4326-9310-AB655407B610} = {CEFF687B-7817-4326-9310-AB655407B610}
	EndProjectSection
EndProject
Project("{FAE04EC0-301F-11D3-BF4B-00C04F79EFBC}") = "UnitTests.Helpers", "UnitTests.Helpers\UnitTests.Helpers.csproj", "{B5C09213-FF47-4929-8F0D-85AA340AB818}"
EndProject
Project("{2150E333-8FDC-42A3-9474-1A3956D46DE8}") = "Architecture", "Architecture", "{E396B46C-8975-4804-8C42-A44285FE8759}"
EndProject
Project("{2150E333-8FDC-42A3-9474-1A3956D46DE8}") = "Security", "Security", "{1CEF0D42-66BA-44E0-865E-50DC4905FB39}"
EndProject
Global
	GlobalSection(SolutionConfigurationPlatforms) = preSolution
		Debug|Any CPU = Debug|Any CPU
		Release|Any CPU = Release|Any CPU
	EndGlobalSection
	GlobalSection(ProjectConfigurationPlatforms) = postSolution
		{B3C22B2A-06D3-454F-BF86-0CCE7C744AE4}.Debug|Any CPU.ActiveCfg = Debug|Any CPU
		{B3C22B2A-06D3-454F-BF86-0CCE7C744AE4}.Debug|Any CPU.Build.0 = Debug|Any CPU
		{B3C22B2A-06D3-454F-BF86-0CCE7C744AE4}.Release|Any CPU.ActiveCfg = Release|Any CPU
		{B3C22B2A-06D3-454F-BF86-0CCE7C744AE4}.Release|Any CPU.Build.0 = Release|Any CPU
		{407B5921-9039-4D0D-A40A-36A19C251CDC}.Debug|Any CPU.ActiveCfg = Debug|Any CPU
		{407B5921-9039-4D0D-A40A-36A19C251CDC}.Debug|Any CPU.Build.0 = Debug|Any CPU
		{407B5921-9039-4D0D-A40A-36A19C251CDC}.Release|Any CPU.ActiveCfg = Release|Any CPU
		{407B5921-9039-4D0D-A40A-36A19C251CDC}.Release|Any CPU.Build.0 = Release|Any CPU
		{0451BAEF-DF2E-4B98-8644-94EE9415E389}.Debug|Any CPU.ActiveCfg = Debug|Any CPU
		{0451BAEF-DF2E-4B98-8644-94EE9415E389}.Release|Any CPU.ActiveCfg = Debug|Any CPU
		{9F1BAA6D-7E1E-43CC-94CE-0B0AF04C753F}.Debug|Any CPU.ActiveCfg = Debug|Any CPU
		{9F1BAA6D-7E1E-43CC-94CE-0B0AF04C753F}.Debug|Any CPU.Build.0 = Debug|Any CPU
		{9F1BAA6D-7E1E-43CC-94CE-0B0AF04C753F}.Release|Any CPU.ActiveCfg = Release|Any CPU
		{9F1BAA6D-7E1E-43CC-94CE-0B0AF04C753F}.Release|Any CPU.Build.0 = Release|Any CPU
		{11904ED0-33D2-4005-8766-B1E393A32EA7}.Debug|Any CPU.ActiveCfg = Debug|Any CPU
		{11904ED0-33D2-4005-8766-B1E393A32EA7}.Debug|Any CPU.Build.0 = Debug|Any CPU
		{11904ED0-33D2-4005-8766-B1E393A32EA7}.Release|Any CPU.ActiveCfg = Release|Any CPU
		{11904ED0-33D2-4005-8766-B1E393A32EA7}.Release|Any CPU.Build.0 = Release|Any CPU
		{3A48F406-2440-4E9B-9919-ED46BC3CD234}.Debug|Any CPU.ActiveCfg = Debug|Any CPU
		{3A48F406-2440-4E9B-9919-ED46BC3CD234}.Debug|Any CPU.Build.0 = Debug|Any CPU
		{3A48F406-2440-4E9B-9919-ED46BC3CD234}.Release|Any CPU.ActiveCfg = Release|Any CPU
		{3A48F406-2440-4E9B-9919-ED46BC3CD234}.Release|Any CPU.Build.0 = Release|Any CPU
		{4F1024FA-992F-442C-B32F-E4BE589D5EF4}.Debug|Any CPU.ActiveCfg = Debug|Any CPU
		{4F1024FA-992F-442C-B32F-E4BE589D5EF4}.Debug|Any CPU.Build.0 = Debug|Any CPU
		{4F1024FA-992F-442C-B32F-E4BE589D5EF4}.Release|Any CPU.ActiveCfg = Release|Any CPU
		{4F1024FA-992F-442C-B32F-E4BE589D5EF4}.Release|Any CPU.Build.0 = Release|Any CPU
		{BBCDDB1C-8127-4623-B40B-5109DE5A63EF}.Debug|Any CPU.ActiveCfg = Debug|Any CPU
		{BBCDDB1C-8127-4623-B40B-5109DE5A63EF}.Release|Any CPU.ActiveCfg = Debug|Any CPU
		{418B2D91-D53E-49BF-98FC-66DA9490DC37}.Debug|Any CPU.ActiveCfg = Debug|Any CPU
		{418B2D91-D53E-49BF-98FC-66DA9490DC37}.Debug|Any CPU.Build.0 = Debug|Any CPU
		{418B2D91-D53E-49BF-98FC-66DA9490DC37}.Release|Any CPU.ActiveCfg = Release|Any CPU
		{418B2D91-D53E-49BF-98FC-66DA9490DC37}.Release|Any CPU.Build.0 = Release|Any CPU
		{BD471427-A76A-4764-94C1-08C8C3BC1379}.Debug|Any CPU.ActiveCfg = Debug|Any CPU
		{BD471427-A76A-4764-94C1-08C8C3BC1379}.Release|Any CPU.ActiveCfg = Debug|Any CPU
		{01F957B7-5B84-4792-A781-87E82257618D}.Debug|Any CPU.ActiveCfg = Debug|Any CPU
		{01F957B7-5B84-4792-A781-87E82257618D}.Release|Any CPU.ActiveCfg = Debug|Any CPU
		{811B51A4-669E-463E-897A-B593824D6D75}.Debug|Any CPU.ActiveCfg = Debug|Any CPU
		{811B51A4-669E-463E-897A-B593824D6D75}.Debug|Any CPU.Build.0 = Debug|Any CPU
		{811B51A4-669E-463E-897A-B593824D6D75}.Release|Any CPU.ActiveCfg = Release|Any CPU
		{811B51A4-669E-463E-897A-B593824D6D75}.Release|Any CPU.Build.0 = Release|Any CPU
		{A65D507D-03A2-49BE-A056-72AE6964140A}.Debug|Any CPU.ActiveCfg = Debug|Any CPU
		{A65D507D-03A2-49BE-A056-72AE6964140A}.Debug|Any CPU.Build.0 = Debug|Any CPU
		{A65D507D-03A2-49BE-A056-72AE6964140A}.Release|Any CPU.ActiveCfg = Release|Any CPU
		{A65D507D-03A2-49BE-A056-72AE6964140A}.Release|Any CPU.Build.0 = Release|Any CPU
		{B4F9C525-5C56-440E-B4C2-972A33D7C8CD}.Debug|Any CPU.ActiveCfg = Debug|Any CPU
		{B4F9C525-5C56-440E-B4C2-972A33D7C8CD}.Debug|Any CPU.Build.0 = Debug|Any CPU
		{B4F9C525-5C56-440E-B4C2-972A33D7C8CD}.Release|Any CPU.ActiveCfg = Release|Any CPU
		{B4F9C525-5C56-440E-B4C2-972A33D7C8CD}.Release|Any CPU.Build.0 = Release|Any CPU
		{1687CDFF-4C23-4DD7-86C1-E277CCFA1D8A}.Debug|Any CPU.ActiveCfg = Debug|Any CPU
		{1687CDFF-4C23-4DD7-86C1-E277CCFA1D8A}.Debug|Any CPU.Build.0 = Debug|Any CPU
		{1687CDFF-4C23-4DD7-86C1-E277CCFA1D8A}.Release|Any CPU.ActiveCfg = Release|Any CPU
		{1687CDFF-4C23-4DD7-86C1-E277CCFA1D8A}.Release|Any CPU.Build.0 = Release|Any CPU
		{956E7461-AC0F-4E81-B57D-F84689D1BE9D}.Debug|Any CPU.ActiveCfg = Debug|Any CPU
		{956E7461-AC0F-4E81-B57D-F84689D1BE9D}.Debug|Any CPU.Build.0 = Debug|Any CPU
		{956E7461-AC0F-4E81-B57D-F84689D1BE9D}.Release|Any CPU.ActiveCfg = Release|Any CPU
		{956E7461-AC0F-4E81-B57D-F84689D1BE9D}.Release|Any CPU.Build.0 = Release|Any CPU
		{27D82597-28B1-4441-8C42-0A220C38C4D8}.Debug|Any CPU.ActiveCfg = Debug|Any CPU
		{27D82597-28B1-4441-8C42-0A220C38C4D8}.Debug|Any CPU.Build.0 = Debug|Any CPU
		{27D82597-28B1-4441-8C42-0A220C38C4D8}.Release|Any CPU.ActiveCfg = Release|Any CPU
		{27D82597-28B1-4441-8C42-0A220C38C4D8}.Release|Any CPU.Build.0 = Release|Any CPU
		{33A9CD5A-87C6-4BB3-B304-4DC6411BEF4F}.Debug|Any CPU.ActiveCfg = Debug|Any CPU
		{33A9CD5A-87C6-4BB3-B304-4DC6411BEF4F}.Debug|Any CPU.Build.0 = Debug|Any CPU
		{33A9CD5A-87C6-4BB3-B304-4DC6411BEF4F}.Release|Any CPU.ActiveCfg = Release|Any CPU
		{33A9CD5A-87C6-4BB3-B304-4DC6411BEF4F}.Release|Any CPU.Build.0 = Release|Any CPU
		{0A3419EA-CD95-4262-B84A-B963C87ECCDF}.Debug|Any CPU.ActiveCfg = Debug|Any CPU
		{0A3419EA-CD95-4262-B84A-B963C87ECCDF}.Debug|Any CPU.Build.0 = Debug|Any CPU
		{0A3419EA-CD95-4262-B84A-B963C87ECCDF}.Release|Any CPU.ActiveCfg = Release|Any CPU
		{0A3419EA-CD95-4262-B84A-B963C87ECCDF}.Release|Any CPU.Build.0 = Release|Any CPU
		{CEFF687B-7817-4326-9310-AB655407B610}.Debug|Any CPU.ActiveCfg = Debug|Any CPU
		{CEFF687B-7817-4326-9310-AB655407B610}.Debug|Any CPU.Build.0 = Debug|Any CPU
		{CEFF687B-7817-4326-9310-AB655407B610}.Release|Any CPU.ActiveCfg = Release|Any CPU
		{CEFF687B-7817-4326-9310-AB655407B610}.Release|Any CPU.Build.0 = Release|Any CPU
		{860A7A25-C159-487F-BAC5-C46857FC7A40}.Debug|Any CPU.ActiveCfg = Debug|Any CPU
		{860A7A25-C159-487F-BAC5-C46857FC7A40}.Release|Any CPU.ActiveCfg = Debug|Any CPU
		{B5C09213-FF47-4929-8F0D-85AA340AB818}.Debug|Any CPU.ActiveCfg = Debug|Any CPU
		{B5C09213-FF47-4929-8F0D-85AA340AB818}.Debug|Any CPU.Build.0 = Debug|Any CPU
		{B5C09213-FF47-4929-8F0D-85AA340AB818}.Release|Any CPU.ActiveCfg = Release|Any CPU
		{B5C09213-FF47-4929-8F0D-85AA340AB818}.Release|Any CPU.Build.0 = Release|Any CPU
	EndGlobalSection
	GlobalSection(SolutionProperties) = preSolution
		HideSolutionNode = FALSE
	EndGlobalSection
	GlobalSection(NestedProjects) = preSolution
		{C79157DB-09C9-401F-B4BD-4D6A193790D0} = {BF4277FD-24C4-45AC-B871-98E1FEEDC623}
		{816548D1-F582-4AC1-B4F3-E3997F2B4C14} = {BF4277FD-24C4-45AC-B871-98E1FEEDC623}
		{2BAED882-BB9A-41E8-9DC6-07823A9BC60F} = {BF4277FD-24C4-45AC-B871-98E1FEEDC623}
		{E396B46C-8975-4804-8C42-A44285FE8759} = {BF4277FD-24C4-45AC-B871-98E1FEEDC623}
		{BA4644BC-0508-43EE-BF18-CA5725108E59} = {816548D1-F582-4AC1-B4F3-E3997F2B4C14}
		{404C846A-E6C5-41ED-84E7-476EA90CF12C} = {816548D1-F582-4AC1-B4F3-E3997F2B4C14}
		{D2B116DB-FC08-49C0-B409-375C74CA3BA4} = {2BAED882-BB9A-41E8-9DC6-07823A9BC60F}
		{1CEF0D42-66BA-44E0-865E-50DC4905FB39} = {E396B46C-8975-4804-8C42-A44285FE8759}
	EndGlobalSection
EndGlobal
